// !$*UTF8*$!
{
	archiveVersion = 1;
	classes = {
	};
	objectVersion = 46;
	objects = {

/* Begin PBXBuildFile section */
		84E1DCF91DACD9DC0079D0B6 /* PlayerView.m in Sources */ = {isa = PBXBuildFile; fileRef = 84E1DCF81DACD9DC0079D0B6 /* PlayerView.m */; };
		BF0E85731D728A2500681A44 /* beauty_off.png in Resources */ = {isa = PBXBuildFile; fileRef = BF0E85661D728A2500681A44 /* beauty_off.png */; };
		BF0E85741D728A2500681A44 /* beauty_on.png in Resources */ = {isa = PBXBuildFile; fileRef = BF0E85671D728A2500681A44 /* beauty_on.png */; };
		BF0E85751D728A2500681A44 /* close.png in Resources */ = {isa = PBXBuildFile; fileRef = BF0E85681D728A2500681A44 /* close.png */; };
		BF0E85761D728A2500681A44 /* focus1.png in Resources */ = {isa = PBXBuildFile; fileRef = BF0E85691D728A2500681A44 /* focus1.png */; };
		BF0E85771D728A2500681A44 /* focus2.png in Resources */ = {isa = PBXBuildFile; fileRef = BF0E856A1D728A2500681A44 /* focus2.png */; };
		BF0E85781D728A2500681A44 /* focus3.png in Resources */ = {isa = PBXBuildFile; fileRef = BF0E856B1D728A2500681A44 /* focus3.png */; };
		BF0E85791D728A2500681A44 /* mirror.png in Resources */ = {isa = PBXBuildFile; fileRef = BF0E856C1D728A2500681A44 /* mirror.png */; };
		BF0E857A1D728A2500681A44 /* mute_off.png in Resources */ = {isa = PBXBuildFile; fileRef = BF0E856D1D728A2500681A44 /* mute_off.png */; };
		BF0E857B1D728A2500681A44 /* mute_on.png in Resources */ = {isa = PBXBuildFile; fileRef = BF0E856E1D728A2500681A44 /* mute_on.png */; };
		BF0E857C1D728A2500681A44 /* startlive.png in Resources */ = {isa = PBXBuildFile; fileRef = BF0E856F1D728A2500681A44 /* startlive.png */; };
		BF0E857D1D728A2500681A44 /* swich_camera.png in Resources */ = {isa = PBXBuildFile; fileRef = BF0E85701D728A2500681A44 /* swich_camera.png */; };
		BF0E857E1D728A2500681A44 /* torch_off.png in Resources */ = {isa = PBXBuildFile; fileRef = BF0E85711D728A2500681A44 /* torch_off.png */; };
		BF0E857F1D728A2500681A44 /* torch_on.png in Resources */ = {isa = PBXBuildFile; fileRef = BF0E85721D728A2500681A44 /* torch_on.png */; };
		BF0E85811D728FE400681A44 /* more.png in Resources */ = {isa = PBXBuildFile; fileRef = BF0E85801D728FE400681A44 /* more.png */; };
		BF375CCA1D6F12B7009C0E57 /* main.m in Sources */ = {isa = PBXBuildFile; fileRef = BF375CC91D6F12B7009C0E57 /* main.m */; };
		BF375CCD1D6F12B7009C0E57 /* AppDelegate.m in Sources */ = {isa = PBXBuildFile; fileRef = BF375CCC1D6F12B7009C0E57 /* AppDelegate.m */; };
		BF375CD01D6F12B7009C0E57 /* ViewController.m in Sources */ = {isa = PBXBuildFile; fileRef = BF375CCF1D6F12B7009C0E57 /* ViewController.m */; };
		BF375CD31D6F12B7009C0E57 /* Main.storyboard in Resources */ = {isa = PBXBuildFile; fileRef = BF375CD11D6F12B7009C0E57 /* Main.storyboard */; };
		BF375CD51D6F12B7009C0E57 /* Assets.xcassets in Resources */ = {isa = PBXBuildFile; fileRef = BF375CD41D6F12B7009C0E57 /* Assets.xcassets */; };
		BF375CD81D6F12B7009C0E57 /* LaunchScreen.storyboard in Resources */ = {isa = PBXBuildFile; fileRef = BF375CD61D6F12B7009C0E57 /* LaunchScreen.storyboard */; };
		BF375CEA1D6F183C009C0E57 /* PushViewController.m in Sources */ = {isa = PBXBuildFile; fileRef = BF375CE81D6F183C009C0E57 /* PushViewController.m */; };
		BF375CEB1D6F183C009C0E57 /* PushViewController.xib in Resources */ = {isa = PBXBuildFile; fileRef = BF375CE91D6F183C009C0E57 /* PushViewController.xib */; };
		BF375CF21D6F185E009C0E57 /* PullViewController.m in Sources */ = {isa = PBXBuildFile; fileRef = BF375CF01D6F185E009C0E57 /* PullViewController.m */; };
		BF375CF31D6F185E009C0E57 /* PullViewController.xib in Resources */ = {isa = PBXBuildFile; fileRef = BF375CF11D6F185E009C0E57 /* PullViewController.xib */; };
		BF375D021D6FDA03009C0E57 /* HTTPManager.m in Sources */ = {isa = PBXBuildFile; fileRef = BF375D011D6FDA03009C0E57 /* HTTPManager.m */; };
		BF53F1551D7FE1A8002700AD /* 组-13@2x.png in Resources */ = {isa = PBXBuildFile; fileRef = BF53F14D1D7FE1A8002700AD /* 组-13@2x.png */; };
		BF53F1561D7FE1A8002700AD /* 组-13@3x.png in Resources */ = {isa = PBXBuildFile; fileRef = BF53F14E1D7FE1A8002700AD /* 组-13@3x.png */; };
		BF53F1571D7FE1A8002700AD /* 组-14@2x.png in Resources */ = {isa = PBXBuildFile; fileRef = BF53F14F1D7FE1A8002700AD /* 组-14@2x.png */; };
		BF53F1581D7FE1A8002700AD /* 组-14@3x.png in Resources */ = {isa = PBXBuildFile; fileRef = BF53F1501D7FE1A8002700AD /* 组-14@3x.png */; };
		BF53F1591D7FE1A8002700AD /* 组-15@2x.png in Resources */ = {isa = PBXBuildFile; fileRef = BF53F1511D7FE1A8002700AD /* 组-15@2x.png */; };
		BF53F15A1D7FE1A8002700AD /* 组-15@3x.png in Resources */ = {isa = PBXBuildFile; fileRef = BF53F1521D7FE1A8002700AD /* 组-15@3x.png */; };
		BF53F15B1D7FE1A8002700AD /* bg@2x.png in Resources */ = {isa = PBXBuildFile; fileRef = BF53F1531D7FE1A8002700AD /* bg@2x.png */; };
		BF53F15C1D7FE1A8002700AD /* bg@3x.png in Resources */ = {isa = PBXBuildFile; fileRef = BF53F1541D7FE1A8002700AD /* bg@3x.png */; };
		BF53F1601D8003B9002700AD /* ConfigurationViewController.m in Sources */ = {isa = PBXBuildFile; fileRef = BF53F15E1D8003B9002700AD /* ConfigurationViewController.m */; };
		BF53F1611D8003B9002700AD /* ConfigurationViewController.xib in Resources */ = {isa = PBXBuildFile; fileRef = BF53F15F1D8003B9002700AD /* ConfigurationViewController.xib */; };
		BF53F16F1D800ADC002700AD /* 标清-暗@2x.png in Resources */ = {isa = PBXBuildFile; fileRef = BF53F1631D800ADC002700AD /* 标清-暗@2x.png */; };
		BF53F1701D800ADC002700AD /* 标清-暗@3x.png in Resources */ = {isa = PBXBuildFile; fileRef = BF53F1641D800ADC002700AD /* 标清-暗@3x.png */; };
		BF53F1711D800ADC002700AD /* 标清-亮@2x.png in Resources */ = {isa = PBXBuildFile; fileRef = BF53F1651D800ADC002700AD /* 标清-亮@2x.png */; };
		BF53F1721D800ADC002700AD /* 标清-亮@3x.png in Resources */ = {isa = PBXBuildFile; fileRef = BF53F1661D800ADC002700AD /* 标清-亮@3x.png */; };
		BF53F1731D800ADC002700AD /* 高清-暗@2x.png in Resources */ = {isa = PBXBuildFile; fileRef = BF53F1671D800ADC002700AD /* 高清-暗@2x.png */; };
		BF53F1741D800ADC002700AD /* 高清-暗@3x.png in Resources */ = {isa = PBXBuildFile; fileRef = BF53F1681D800ADC002700AD /* 高清-暗@3x.png */; };
		BF53F1751D800ADC002700AD /* 高清-亮@2x.png in Resources */ = {isa = PBXBuildFile; fileRef = BF53F1691D800ADC002700AD /* 高清-亮@2x.png */; };
		BF53F1761D800ADC002700AD /* 高清-亮@3x.png in Resources */ = {isa = PBXBuildFile; fileRef = BF53F16A1D800ADC002700AD /* 高清-亮@3x.png */; };
		BF53F1771D800ADC002700AD /* 流畅-暗@2x.png in Resources */ = {isa = PBXBuildFile; fileRef = BF53F16B1D800ADC002700AD /* 流畅-暗@2x.png */; };
		BF53F1781D800ADC002700AD /* 流畅-暗@3x.png in Resources */ = {isa = PBXBuildFile; fileRef = BF53F16C1D800ADC002700AD /* 流畅-暗@3x.png */; };
		BF53F1791D800ADC002700AD /* 流畅-亮@2x.png in Resources */ = {isa = PBXBuildFile; fileRef = BF53F16D1D800ADC002700AD /* 流畅-亮@2x.png */; };
		BF53F17A1D800ADC002700AD /* 流畅-亮@3x.png in Resources */ = {isa = PBXBuildFile; fileRef = BF53F16E1D800ADC002700AD /* 流畅-亮@3x.png */; };
		BF53F1A51D8020E7002700AD /* 对焦框@2x.png in Resources */ = {isa = PBXBuildFile; fileRef = BF53F17B1D8020E7002700AD /* 对焦框@2x.png */; };
		BF53F1A61D8020E7002700AD /* 对焦框@3x.png in Resources */ = {isa = PBXBuildFile; fileRef = BF53F17C1D8020E7002700AD /* 对焦框@3x.png */; };
		BF53F1A71D8020E7002700AD /* 关闭@2x.png in Resources */ = {isa = PBXBuildFile; fileRef = BF53F17D1D8020E7002700AD /* 关闭@2x.png */; };
		BF53F1A81D8020E7002700AD /* 关闭@3x.png in Resources */ = {isa = PBXBuildFile; fileRef = BF53F17E1D8020E7002700AD /* 关闭@3x.png */; };
		BF53F1A91D8020E7002700AD /* 镜头翻转@2x.png in Resources */ = {isa = PBXBuildFile; fileRef = BF53F17F1D8020E7002700AD /* 镜头翻转@2x.png */; };
		BF53F1AA1D8020E7002700AD /* 镜头翻转@3x.png in Resources */ = {isa = PBXBuildFile; fileRef = BF53F1801D8020E7002700AD /* 镜头翻转@3x.png */; };
		BF53F1AB1D8020E7002700AD /* 矩形-16@2x.png in Resources */ = {isa = PBXBuildFile; fileRef = BF53F1811D8020E7002700AD /* 矩形-16@2x.png */; };
		BF53F1AC1D8020E7002700AD /* 矩形-16@3x.png in Resources */ = {isa = PBXBuildFile; fileRef = BF53F1821D8020E7002700AD /* 矩形-16@3x.png */; };
		BF53F1AD1D8020E7002700AD /* 麦克风-禁用@2x.png in Resources */ = {isa = PBXBuildFile; fileRef = BF53F1831D8020E7002700AD /* 麦克风-禁用@2x.png */; };
		BF53F1AE1D8020E7002700AD /* 麦克风-禁用@3x.png in Resources */ = {isa = PBXBuildFile; fileRef = BF53F1841D8020E7002700AD /* 麦克风-禁用@3x.png */; };
		BF53F1AF1D8020E7002700AD /* 麦克风-启用@2x.png in Resources */ = {isa = PBXBuildFile; fileRef = BF53F1851D8020E7002700AD /* 麦克风-启用@2x.png */; };
		BF53F1B01D8020E7002700AD /* 麦克风-启用@3x.png in Resources */ = {isa = PBXBuildFile; fileRef = BF53F1861D8020E7002700AD /* 麦克风-启用@3x.png */; };
		BF53F1B11D8020E7002700AD /* 美颜-禁用@2x.png in Resources */ = {isa = PBXBuildFile; fileRef = BF53F1871D8020E7002700AD /* 美颜-禁用@2x.png */; };
		BF53F1B21D8020E7002700AD /* 美颜-禁用@3x.png in Resources */ = {isa = PBXBuildFile; fileRef = BF53F1881D8020E7002700AD /* 美颜-禁用@3x.png */; };
		BF53F1B31D8020E7002700AD /* 美颜-启用@2x.png in Resources */ = {isa = PBXBuildFile; fileRef = BF53F1891D8020E7002700AD /* 美颜-启用@2x.png */; };
		BF53F1B41D8020E7002700AD /* 美颜-启用@3x.png in Resources */ = {isa = PBXBuildFile; fileRef = BF53F18A1D8020E7002700AD /* 美颜-启用@3x.png */; };
		BF53F1B51D8020E7002700AD /* 闪光灯-禁用@2x.png in Resources */ = {isa = PBXBuildFile; fileRef = BF53F18B1D8020E7002700AD /* 闪光灯-禁用@2x.png */; };
		BF53F1B61D8020E7002700AD /* 闪光灯-禁用@3x.png in Resources */ = {isa = PBXBuildFile; fileRef = BF53F18C1D8020E7002700AD /* 闪光灯-禁用@3x.png */; };
		BF53F1B71D8020E7002700AD /* 闪光灯-启用@2x.png in Resources */ = {isa = PBXBuildFile; fileRef = BF53F18D1D8020E7002700AD /* 闪光灯-启用@2x.png */; };
		BF53F1B81D8020E7002700AD /* 闪光灯-启用@3x.png in Resources */ = {isa = PBXBuildFile; fileRef = BF53F18E1D8020E7002700AD /* 闪光灯-启用@3x.png */; };
		BF53F1B91D8020E7002700AD /* 数据分析-禁用@2x.png in Resources */ = {isa = PBXBuildFile; fileRef = BF53F18F1D8020E7002700AD /* 数据分析-禁用@2x.png */; };
		BF53F1BA1D8020E7002700AD /* 数据分析-禁用@3x.png in Resources */ = {isa = PBXBuildFile; fileRef = BF53F1901D8020E7002700AD /* 数据分析-禁用@3x.png */; };
		BF53F1BB1D8020E7002700AD /* 数据分析-启用@2x.png in Resources */ = {isa = PBXBuildFile; fileRef = BF53F1911D8020E7002700AD /* 数据分析-启用@2x.png */; };
		BF53F1BC1D8020E7002700AD /* 数据分析-启用@3x.png in Resources */ = {isa = PBXBuildFile; fileRef = BF53F1921D8020E7002700AD /* 数据分析-启用@3x.png */; };
		BF53F1BD1D8020E7002700AD /* 显性@2x.png in Resources */ = {isa = PBXBuildFile; fileRef = BF53F1931D8020E7002700AD /* 显性@2x.png */; };
		BF53F1BE1D8020E7002700AD /* 显性@3x.png in Resources */ = {isa = PBXBuildFile; fileRef = BF53F1941D8020E7002700AD /* 显性@3x.png */; };
		BF53F1BF1D8020E7002700AD /* 形状-1@2x.png in Resources */ = {isa = PBXBuildFile; fileRef = BF53F1951D8020E7002700AD /* 形状-1@2x.png */; };
		BF53F1C01D8020E7002700AD /* 形状-1@3x.png in Resources */ = {isa = PBXBuildFile; fileRef = BF53F1961D8020E7002700AD /* 形状-1@3x.png */; };
		BF53F1C11D8020E7002700AD /* 形状-11-拷贝@2x.png in Resources */ = {isa = PBXBuildFile; fileRef = BF53F1971D8020E7002700AD /* 形状-11-拷贝@2x.png */; };
		BF53F1C21D8020E7002700AD /* 形状-11-拷贝@3x.png in Resources */ = {isa = PBXBuildFile; fileRef = BF53F1981D8020E7002700AD /* 形状-11-拷贝@3x.png */; };
		BF53F1C31D8020E7002700AD /* 形状-11@2x.png in Resources */ = {isa = PBXBuildFile; fileRef = BF53F1991D8020E7002700AD /* 形状-11@2x.png */; };
		BF53F1C41D8020E7002700AD /* 形状-11@3x.png in Resources */ = {isa = PBXBuildFile; fileRef = BF53F19A1D8020E7002700AD /* 形状-11@3x.png */; };
		BF53F1C51D8020E7002700AD /* 形状-13@2x.png in Resources */ = {isa = PBXBuildFile; fileRef = BF53F19B1D8020E7002700AD /* 形状-13@2x.png */; };
		BF53F1C61D8020E7002700AD /* 形状-13@3x.png in Resources */ = {isa = PBXBuildFile; fileRef = BF53F19C1D8020E7002700AD /* 形状-13@3x.png */; };
		BF53F1C71D8020E7002700AD /* 形状-14@2x.png in Resources */ = {isa = PBXBuildFile; fileRef = BF53F19D1D8020E7002700AD /* 形状-14@2x.png */; };
		BF53F1C81D8020E7002700AD /* 形状-14@3x.png in Resources */ = {isa = PBXBuildFile; fileRef = BF53F19E1D8020E7002700AD /* 形状-14@3x.png */; };
		BF53F1C91D8020E7002700AD /* 组-8@2x.png in Resources */ = {isa = PBXBuildFile; fileRef = BF53F19F1D8020E7002700AD /* 组-8@2x.png */; };
		BF53F1CA1D8020E7002700AD /* 组-8@3x.png in Resources */ = {isa = PBXBuildFile; fileRef = BF53F1A01D8020E7002700AD /* 组-8@3x.png */; };
		BF53F1CB1D8020E7002700AD /* 组-9@2x.png in Resources */ = {isa = PBXBuildFile; fileRef = BF53F1A11D8020E7002700AD /* 组-9@2x.png */; };
		BF53F1CC1D8020E7002700AD /* 组-9@3x.png in Resources */ = {isa = PBXBuildFile; fileRef = BF53F1A21D8020E7002700AD /* 组-9@3x.png */; };
		BF53F1CD1D8020E7002700AD /* 组-10@2x.png in Resources */ = {isa = PBXBuildFile; fileRef = BF53F1A31D8020E7002700AD /* 组-10@2x.png */; };
		BF53F1CE1D8020E7002700AD /* 组-10@3x.png in Resources */ = {isa = PBXBuildFile; fileRef = BF53F1A41D8020E7002700AD /* 组-10@3x.png */; };
		BF8AF7231D716A72009731FB /* lsq_icon_beauty_off.png in Resources */ = {isa = PBXBuildFile; fileRef = BF8AF71C1D716A72009731FB /* lsq_icon_beauty_off.png */; };
		BF8AF7241D716A72009731FB /* lsq_icon_beauty_on.png in Resources */ = {isa = PBXBuildFile; fileRef = BF8AF71D1D716A72009731FB /* lsq_icon_beauty_on.png */; };
		BF8AF7251D716A72009731FB /* lsq_icon_camera_flip.png in Resources */ = {isa = PBXBuildFile; fileRef = BF8AF71E1D716A72009731FB /* lsq_icon_camera_flip.png */; };
		BF8AF7261D716A72009731FB /* lsq_icon_flash_off.png in Resources */ = {isa = PBXBuildFile; fileRef = BF8AF71F1D716A72009731FB /* lsq_icon_flash_off.png */; };
		BF8AF7271D716A72009731FB /* lsq_icon_flash_on.png in Resources */ = {isa = PBXBuildFile; fileRef = BF8AF7201D716A72009731FB /* lsq_icon_flash_on.png */; };
		BF8AF7281D716A72009731FB /* lsq_icon_volume_off.png in Resources */ = {isa = PBXBuildFile; fileRef = BF8AF7211D716A72009731FB /* lsq_icon_volume_off.png */; };
		BF8AF7291D716A72009731FB /* lsq_icon_volume_on.png in Resources */ = {isa = PBXBuildFile; fileRef = BF8AF7221D716A72009731FB /* lsq_icon_volume_on.png */; };
		BF8AF72B1D716AA5009731FB /* lsq_icon_closed.png in Resources */ = {isa = PBXBuildFile; fileRef = BF8AF72A1D716AA5009731FB /* lsq_icon_closed.png */; };
		BFF6133E1D70394C0064FB81 /* NotifyView.m in Sources */ = {isa = PBXBuildFile; fileRef = BFF6133D1D70394C0064FB81 /* NotifyView.m */; };
		BFF80D0B1DA4F4EF00588F3F /* PushVCHelper.m in Sources */ = {isa = PBXBuildFile; fileRef = BFF80D0A1DA4F4EF00588F3F /* PushVCHelper.m */; };
		BFFADA6F1D91241F007ADF56 /* AFHTTPSessionManager.m in Sources */ = {isa = PBXBuildFile; fileRef = BFFADA631D91241F007ADF56 /* AFHTTPSessionManager.m */; };
		BFFADA701D91241F007ADF56 /* AFNetworkReachabilityManager.m in Sources */ = {isa = PBXBuildFile; fileRef = BFFADA661D91241F007ADF56 /* AFNetworkReachabilityManager.m */; };
		BFFADA711D91241F007ADF56 /* AFSecurityPolicy.m in Sources */ = {isa = PBXBuildFile; fileRef = BFFADA681D91241F007ADF56 /* AFSecurityPolicy.m */; };
		BFFADA721D91241F007ADF56 /* AFURLRequestSerialization.m in Sources */ = {isa = PBXBuildFile; fileRef = BFFADA6A1D91241F007ADF56 /* AFURLRequestSerialization.m */; };
		BFFADA731D91241F007ADF56 /* AFURLResponseSerialization.m in Sources */ = {isa = PBXBuildFile; fileRef = BFFADA6C1D91241F007ADF56 /* AFURLResponseSerialization.m */; };
		BFFADA741D91241F007ADF56 /* AFURLSessionManager.m in Sources */ = {isa = PBXBuildFile; fileRef = BFFADA6E1D91241F007ADF56 /* AFURLSessionManager.m */; };
		BFFADA771D912429007ADF56 /* MBProgressHUD.m in Sources */ = {isa = PBXBuildFile; fileRef = BFFADA761D912429007ADF56 /* MBProgressHUD.m */; };
		BFFADA781D912E35007ADF56 /* MediaPlayerFramework.framework in Frameworks */ = {isa = PBXBuildFile; fileRef = BFFADA591D912330007ADF56 /* MediaPlayerFramework.framework */; };
		BFFADA791D912E35007ADF56 /* MediaPlayerFramework.framework in Embed Frameworks */ = {isa = PBXBuildFile; fileRef = BFFADA591D912330007ADF56 /* MediaPlayerFramework.framework */; settings = {ATTRIBUTES = (CodeSignOnCopy, RemoveHeadersOnCopy, ); }; };
		BFFADA7A1D912E35007ADF56 /* MediaStreamerFramework.framework in Frameworks */ = {isa = PBXBuildFile; fileRef = BFFADA5A1D912330007ADF56 /* MediaStreamerFramework.framework */; };
		BFFADA7B1D912E35007ADF56 /* MediaStreamerFramework.framework in Embed Frameworks */ = {isa = PBXBuildFile; fileRef = BFFADA5A1D912330007ADF56 /* MediaStreamerFramework.framework */; settings = {ATTRIBUTES = (CodeSignOnCopy, RemoveHeadersOnCopy, ); }; };
		BFFADA7C1D912E35007ADF56 /* PPYLiveKit.framework in Frameworks */ = {isa = PBXBuildFile; fileRef = BFFADA5B1D912330007ADF56 /* PPYLiveKit.framework */; };
		BFFADA7D1D912E35007ADF56 /* PPYLiveKit.framework in Embed Frameworks */ = {isa = PBXBuildFile; fileRef = BFFADA5B1D912330007ADF56 /* PPYLiveKit.framework */; settings = {ATTRIBUTES = (CodeSignOnCopy, RemoveHeadersOnCopy, ); }; };
		BFFADA8A1D923270007ADF56 /* p数据分析-禁用@2x.png in Resources */ = {isa = PBXBuildFile; fileRef = BFFADA861D923270007ADF56 /* p数据分析-禁用@2x.png */; };
		BFFADA8B1D923270007ADF56 /* p数据分析-禁用@3x.png in Resources */ = {isa = PBXBuildFile; fileRef = BFFADA871D923270007ADF56 /* p数据分析-禁用@3x.png */; };
		BFFADA8C1D923270007ADF56 /* p数据分析-启用@2x.png in Resources */ = {isa = PBXBuildFile; fileRef = BFFADA881D923270007ADF56 /* p数据分析-启用@2x.png */; };
		BFFADA8D1D923270007ADF56 /* p数据分析-启用@3x.png in Resources */ = {isa = PBXBuildFile; fileRef = BFFADA891D923270007ADF56 /* p数据分析-启用@3x.png */; };
		BFFADA911D93840E007ADF56 /* MessageManager.m in Sources */ = {isa = PBXBuildFile; fileRef = BFFADA901D93840E007ADF56 /* MessageManager.m */; };
/* End PBXBuildFile section */

/* Begin PBXCopyFilesBuildPhase section */
		BF375CFB1D6F1CE0009C0E57 /* Embed Frameworks */ = {
			isa = PBXCopyFilesBuildPhase;
			buildActionMask = 2147483647;
			dstPath = "";
			dstSubfolderSpec = 10;
			files = (
				BFFADA7B1D912E35007ADF56 /* MediaStreamerFramework.framework in Embed Frameworks */,
				BFFADA791D912E35007ADF56 /* MediaPlayerFramework.framework in Embed Frameworks */,
				BFFADA7D1D912E35007ADF56 /* PPYLiveKit.framework in Embed Frameworks */,
			);
			name = "Embed Frameworks";
			runOnlyForDeploymentPostprocessing = 0;
		};
/* End PBXCopyFilesBuildPhase section */

/* Begin PBXFileReference section */
		84E1DCF71DACD9DC0079D0B6 /* PlayerView.h */ = {isa = PBXFileReference; fileEncoding = 4; lastKnownFileType = sourcecode.c.h; name = PlayerView.h; path = Player/PlayerView.h; sourceTree = "<group>"; };
		84E1DCF81DACD9DC0079D0B6 /* PlayerView.m */ = {isa = PBXFileReference; fileEncoding = 4; lastKnownFileType = sourcecode.c.objc; name = PlayerView.m; path = Player/PlayerView.m; sourceTree = "<group>"; };
		BF0E85661D728A2500681A44 /* beauty_off.png */ = {isa = PBXFileReference; lastKnownFileType = image.png; name = beauty_off.png; path = icons/beauty_off.png; sourceTree = SOURCE_ROOT; };
		BF0E85671D728A2500681A44 /* beauty_on.png */ = {isa = PBXFileReference; lastKnownFileType = image.png; name = beauty_on.png; path = icons/beauty_on.png; sourceTree = SOURCE_ROOT; };
		BF0E85681D728A2500681A44 /* close.png */ = {isa = PBXFileReference; lastKnownFileType = image.png; name = close.png; path = icons/close.png; sourceTree = SOURCE_ROOT; };
		BF0E85691D728A2500681A44 /* focus1.png */ = {isa = PBXFileReference; lastKnownFileType = image.png; name = focus1.png; path = icons/focus1.png; sourceTree = SOURCE_ROOT; };
		BF0E856A1D728A2500681A44 /* focus2.png */ = {isa = PBXFileReference; lastKnownFileType = image.png; name = focus2.png; path = icons/focus2.png; sourceTree = SOURCE_ROOT; };
		BF0E856B1D728A2500681A44 /* focus3.png */ = {isa = PBXFileReference; lastKnownFileType = image.png; name = focus3.png; path = icons/focus3.png; sourceTree = SOURCE_ROOT; };
		BF0E856C1D728A2500681A44 /* mirror.png */ = {isa = PBXFileReference; lastKnownFileType = image.png; name = mirror.png; path = icons/mirror.png; sourceTree = SOURCE_ROOT; };
		BF0E856D1D728A2500681A44 /* mute_off.png */ = {isa = PBXFileReference; lastKnownFileType = image.png; name = mute_off.png; path = icons/mute_off.png; sourceTree = SOURCE_ROOT; };
		BF0E856E1D728A2500681A44 /* mute_on.png */ = {isa = PBXFileReference; lastKnownFileType = image.png; name = mute_on.png; path = icons/mute_on.png; sourceTree = SOURCE_ROOT; };
		BF0E856F1D728A2500681A44 /* startlive.png */ = {isa = PBXFileReference; lastKnownFileType = image.png; name = startlive.png; path = icons/startlive.png; sourceTree = SOURCE_ROOT; };
		BF0E85701D728A2500681A44 /* swich_camera.png */ = {isa = PBXFileReference; lastKnownFileType = image.png; name = swich_camera.png; path = icons/swich_camera.png; sourceTree = SOURCE_ROOT; };
		BF0E85711D728A2500681A44 /* torch_off.png */ = {isa = PBXFileReference; lastKnownFileType = image.png; name = torch_off.png; path = icons/torch_off.png; sourceTree = SOURCE_ROOT; };
		BF0E85721D728A2500681A44 /* torch_on.png */ = {isa = PBXFileReference; lastKnownFileType = image.png; name = torch_on.png; path = icons/torch_on.png; sourceTree = SOURCE_ROOT; };
		BF0E85801D728FE400681A44 /* more.png */ = {isa = PBXFileReference; lastKnownFileType = image.png; name = more.png; path = icons/more.png; sourceTree = SOURCE_ROOT; };
		BF375CC51D6F12B6009C0E57 /* PPLiveKitDemo(WebSDK).app */ = {isa = PBXFileReference; explicitFileType = wrapper.application; includeInIndex = 0; path = "PPLiveKitDemo(WebSDK).app"; sourceTree = BUILT_PRODUCTS_DIR; };
		BF375CC91D6F12B7009C0E57 /* main.m */ = {isa = PBXFileReference; lastKnownFileType = sourcecode.c.objc; path = main.m; sourceTree = "<group>"; };
		BF375CCB1D6F12B7009C0E57 /* AppDelegate.h */ = {isa = PBXFileReference; lastKnownFileType = sourcecode.c.h; path = AppDelegate.h; sourceTree = "<group>"; };
		BF375CCC1D6F12B7009C0E57 /* AppDelegate.m */ = {isa = PBXFileReference; lastKnownFileType = sourcecode.c.objc; path = AppDelegate.m; sourceTree = "<group>"; };
		BF375CCE1D6F12B7009C0E57 /* ViewController.h */ = {isa = PBXFileReference; lastKnownFileType = sourcecode.c.h; path = ViewController.h; sourceTree = "<group>"; };
		BF375CCF1D6F12B7009C0E57 /* ViewController.m */ = {isa = PBXFileReference; lastKnownFileType = sourcecode.c.objc; path = ViewController.m; sourceTree = "<group>"; };
		BF375CD21D6F12B7009C0E57 /* Base */ = {isa = PBXFileReference; lastKnownFileType = file.storyboard; name = Base; path = Base.lproj/Main.storyboard; sourceTree = "<group>"; };
		BF375CD41D6F12B7009C0E57 /* Assets.xcassets */ = {isa = PBXFileReference; lastKnownFileType = folder.assetcatalog; path = Assets.xcassets; sourceTree = "<group>"; };
		BF375CD71D6F12B7009C0E57 /* Base */ = {isa = PBXFileReference; lastKnownFileType = file.storyboard; name = Base; path = Base.lproj/LaunchScreen.storyboard; sourceTree = "<group>"; };
		BF375CD91D6F12B7009C0E57 /* Info.plist */ = {isa = PBXFileReference; lastKnownFileType = text.plist.xml; path = Info.plist; sourceTree = "<group>"; };
		BF375CE71D6F183C009C0E57 /* PushViewController.h */ = {isa = PBXFileReference; fileEncoding = 4; lastKnownFileType = sourcecode.c.h; path = PushViewController.h; sourceTree = "<group>"; };
		BF375CE81D6F183C009C0E57 /* PushViewController.m */ = {isa = PBXFileReference; fileEncoding = 4; lastKnownFileType = sourcecode.c.objc; path = PushViewController.m; sourceTree = "<group>"; };
		BF375CE91D6F183C009C0E57 /* PushViewController.xib */ = {isa = PBXFileReference; fileEncoding = 4; lastKnownFileType = file.xib; path = PushViewController.xib; sourceTree = "<group>"; };
		BF375CEF1D6F185E009C0E57 /* PullViewController.h */ = {isa = PBXFileReference; fileEncoding = 4; lastKnownFileType = sourcecode.c.h; path = PullViewController.h; sourceTree = "<group>"; };
		BF375CF01D6F185E009C0E57 /* PullViewController.m */ = {isa = PBXFileReference; fileEncoding = 4; lastKnownFileType = sourcecode.c.objc; path = PullViewController.m; sourceTree = "<group>"; };
		BF375CF11D6F185E009C0E57 /* PullViewController.xib */ = {isa = PBXFileReference; fileEncoding = 4; lastKnownFileType = file.xib; path = PullViewController.xib; sourceTree = "<group>"; };
		BF375D001D6FDA03009C0E57 /* HTTPManager.h */ = {isa = PBXFileReference; fileEncoding = 4; lastKnownFileType = sourcecode.c.h; path = HTTPManager.h; sourceTree = "<group>"; };
		BF375D011D6FDA03009C0E57 /* HTTPManager.m */ = {isa = PBXFileReference; fileEncoding = 4; lastKnownFileType = sourcecode.c.objc; path = HTTPManager.m; sourceTree = "<group>"; };
		BF53F14D1D7FE1A8002700AD /* 组-13@2x.png */ = {isa = PBXFileReference; lastKnownFileType = image.png; name = "组-13@2x.png"; path = "icon/ViewController/组-13@2x.png"; sourceTree = "<group>"; };
		BF53F14E1D7FE1A8002700AD /* 组-13@3x.png */ = {isa = PBXFileReference; lastKnownFileType = image.png; name = "组-13@3x.png"; path = "icon/ViewController/组-13@3x.png"; sourceTree = "<group>"; };
		BF53F14F1D7FE1A8002700AD /* 组-14@2x.png */ = {isa = PBXFileReference; lastKnownFileType = image.png; name = "组-14@2x.png"; path = "icon/ViewController/组-14@2x.png"; sourceTree = "<group>"; };
		BF53F1501D7FE1A8002700AD /* 组-14@3x.png */ = {isa = PBXFileReference; lastKnownFileType = image.png; name = "组-14@3x.png"; path = "icon/ViewController/组-14@3x.png"; sourceTree = "<group>"; };
		BF53F1511D7FE1A8002700AD /* 组-15@2x.png */ = {isa = PBXFileReference; lastKnownFileType = image.png; name = "组-15@2x.png"; path = "icon/ViewController/组-15@2x.png"; sourceTree = "<group>"; };
		BF53F1521D7FE1A8002700AD /* 组-15@3x.png */ = {isa = PBXFileReference; lastKnownFileType = image.png; name = "组-15@3x.png"; path = "icon/ViewController/组-15@3x.png"; sourceTree = "<group>"; };
		BF53F1531D7FE1A8002700AD /* bg@2x.png */ = {isa = PBXFileReference; lastKnownFileType = image.png; name = "bg@2x.png"; path = "icon/ViewController/bg@2x.png"; sourceTree = "<group>"; };
		BF53F1541D7FE1A8002700AD /* bg@3x.png */ = {isa = PBXFileReference; lastKnownFileType = image.png; name = "bg@3x.png"; path = "icon/ViewController/bg@3x.png"; sourceTree = "<group>"; };
		BF53F15D1D8003B9002700AD /* ConfigurationViewController.h */ = {isa = PBXFileReference; fileEncoding = 4; lastKnownFileType = sourcecode.c.h; path = ConfigurationViewController.h; sourceTree = "<group>"; };
		BF53F15E1D8003B9002700AD /* ConfigurationViewController.m */ = {isa = PBXFileReference; fileEncoding = 4; lastKnownFileType = sourcecode.c.objc; path = ConfigurationViewController.m; sourceTree = "<group>"; };
		BF53F15F1D8003B9002700AD /* ConfigurationViewController.xib */ = {isa = PBXFileReference; fileEncoding = 4; lastKnownFileType = file.xib; path = ConfigurationViewController.xib; sourceTree = "<group>"; };
		BF53F1631D800ADC002700AD /* 标清-暗@2x.png */ = {isa = PBXFileReference; lastKnownFileType = image.png; name = "标清-暗@2x.png"; path = "icon/ConfigurationViewController/标清-暗@2x.png"; sourceTree = "<group>"; };
		BF53F1641D800ADC002700AD /* 标清-暗@3x.png */ = {isa = PBXFileReference; lastKnownFileType = image.png; name = "标清-暗@3x.png"; path = "icon/ConfigurationViewController/标清-暗@3x.png"; sourceTree = "<group>"; };
		BF53F1651D800ADC002700AD /* 标清-亮@2x.png */ = {isa = PBXFileReference; lastKnownFileType = image.png; name = "标清-亮@2x.png"; path = "icon/ConfigurationViewController/标清-亮@2x.png"; sourceTree = "<group>"; };
		BF53F1661D800ADC002700AD /* 标清-亮@3x.png */ = {isa = PBXFileReference; lastKnownFileType = image.png; name = "标清-亮@3x.png"; path = "icon/ConfigurationViewController/标清-亮@3x.png"; sourceTree = "<group>"; };
		BF53F1671D800ADC002700AD /* 高清-暗@2x.png */ = {isa = PBXFileReference; lastKnownFileType = image.png; name = "高清-暗@2x.png"; path = "icon/ConfigurationViewController/高清-暗@2x.png"; sourceTree = "<group>"; };
		BF53F1681D800ADC002700AD /* 高清-暗@3x.png */ = {isa = PBXFileReference; lastKnownFileType = image.png; name = "高清-暗@3x.png"; path = "icon/ConfigurationViewController/高清-暗@3x.png"; sourceTree = "<group>"; };
		BF53F1691D800ADC002700AD /* 高清-亮@2x.png */ = {isa = PBXFileReference; lastKnownFileType = image.png; name = "高清-亮@2x.png"; path = "icon/ConfigurationViewController/高清-亮@2x.png"; sourceTree = "<group>"; };
		BF53F16A1D800ADC002700AD /* 高清-亮@3x.png */ = {isa = PBXFileReference; lastKnownFileType = image.png; name = "高清-亮@3x.png"; path = "icon/ConfigurationViewController/高清-亮@3x.png"; sourceTree = "<group>"; };
		BF53F16B1D800ADC002700AD /* 流畅-暗@2x.png */ = {isa = PBXFileReference; lastKnownFileType = image.png; name = "流畅-暗@2x.png"; path = "icon/ConfigurationViewController/流畅-暗@2x.png"; sourceTree = "<group>"; };
		BF53F16C1D800ADC002700AD /* 流畅-暗@3x.png */ = {isa = PBXFileReference; lastKnownFileType = image.png; name = "流畅-暗@3x.png"; path = "icon/ConfigurationViewController/流畅-暗@3x.png"; sourceTree = "<group>"; };
		BF53F16D1D800ADC002700AD /* 流畅-亮@2x.png */ = {isa = PBXFileReference; lastKnownFileType = image.png; name = "流畅-亮@2x.png"; path = "icon/ConfigurationViewController/流畅-亮@2x.png"; sourceTree = "<group>"; };
		BF53F16E1D800ADC002700AD /* 流畅-亮@3x.png */ = {isa = PBXFileReference; lastKnownFileType = image.png; name = "流畅-亮@3x.png"; path = "icon/ConfigurationViewController/流畅-亮@3x.png"; sourceTree = "<group>"; };
		BF53F17B1D8020E7002700AD /* 对焦框@2x.png */ = {isa = PBXFileReference; lastKnownFileType = image.png; name = "对焦框@2x.png"; path = "icon/PushViewController/对焦框@2x.png"; sourceTree = "<group>"; };
		BF53F17C1D8020E7002700AD /* 对焦框@3x.png */ = {isa = PBXFileReference; lastKnownFileType = image.png; name = "对焦框@3x.png"; path = "icon/PushViewController/对焦框@3x.png"; sourceTree = "<group>"; };
		BF53F17D1D8020E7002700AD /* 关闭@2x.png */ = {isa = PBXFileReference; lastKnownFileType = image.png; name = "关闭@2x.png"; path = "icon/PushViewController/关闭@2x.png"; sourceTree = "<group>"; };
		BF53F17E1D8020E7002700AD /* 关闭@3x.png */ = {isa = PBXFileReference; lastKnownFileType = image.png; name = "关闭@3x.png"; path = "icon/PushViewController/关闭@3x.png"; sourceTree = "<group>"; };
		BF53F17F1D8020E7002700AD /* 镜头翻转@2x.png */ = {isa = PBXFileReference; lastKnownFileType = image.png; name = "镜头翻转@2x.png"; path = "icon/PushViewController/镜头翻转@2x.png"; sourceTree = "<group>"; };
		BF53F1801D8020E7002700AD /* 镜头翻转@3x.png */ = {isa = PBXFileReference; lastKnownFileType = image.png; name = "镜头翻转@3x.png"; path = "icon/PushViewController/镜头翻转@3x.png"; sourceTree = "<group>"; };
		BF53F1811D8020E7002700AD /* 矩形-16@2x.png */ = {isa = PBXFileReference; lastKnownFileType = image.png; name = "矩形-16@2x.png"; path = "icon/PushViewController/矩形-16@2x.png"; sourceTree = "<group>"; };
		BF53F1821D8020E7002700AD /* 矩形-16@3x.png */ = {isa = PBXFileReference; lastKnownFileType = image.png; name = "矩形-16@3x.png"; path = "icon/PushViewController/矩形-16@3x.png"; sourceTree = "<group>"; };
		BF53F1831D8020E7002700AD /* 麦克风-禁用@2x.png */ = {isa = PBXFileReference; lastKnownFileType = image.png; name = "麦克风-禁用@2x.png"; path = "icon/PushViewController/麦克风-禁用@2x.png"; sourceTree = "<group>"; };
		BF53F1841D8020E7002700AD /* 麦克风-禁用@3x.png */ = {isa = PBXFileReference; lastKnownFileType = image.png; name = "麦克风-禁用@3x.png"; path = "icon/PushViewController/麦克风-禁用@3x.png"; sourceTree = "<group>"; };
		BF53F1851D8020E7002700AD /* 麦克风-启用@2x.png */ = {isa = PBXFileReference; lastKnownFileType = image.png; name = "麦克风-启用@2x.png"; path = "icon/PushViewController/麦克风-启用@2x.png"; sourceTree = "<group>"; };
		BF53F1861D8020E7002700AD /* 麦克风-启用@3x.png */ = {isa = PBXFileReference; lastKnownFileType = image.png; name = "麦克风-启用@3x.png"; path = "icon/PushViewController/麦克风-启用@3x.png"; sourceTree = "<group>"; };
		BF53F1871D8020E7002700AD /* 美颜-禁用@2x.png */ = {isa = PBXFileReference; lastKnownFileType = image.png; name = "美颜-禁用@2x.png"; path = "icon/PushViewController/美颜-禁用@2x.png"; sourceTree = "<group>"; };
		BF53F1881D8020E7002700AD /* 美颜-禁用@3x.png */ = {isa = PBXFileReference; lastKnownFileType = image.png; name = "美颜-禁用@3x.png"; path = "icon/PushViewController/美颜-禁用@3x.png"; sourceTree = "<group>"; };
		BF53F1891D8020E7002700AD /* 美颜-启用@2x.png */ = {isa = PBXFileReference; lastKnownFileType = image.png; name = "美颜-启用@2x.png"; path = "icon/PushViewController/美颜-启用@2x.png"; sourceTree = "<group>"; };
		BF53F18A1D8020E7002700AD /* 美颜-启用@3x.png */ = {isa = PBXFileReference; lastKnownFileType = image.png; name = "美颜-启用@3x.png"; path = "icon/PushViewController/美颜-启用@3x.png"; sourceTree = "<group>"; };
		BF53F18B1D8020E7002700AD /* 闪光灯-禁用@2x.png */ = {isa = PBXFileReference; lastKnownFileType = image.png; name = "闪光灯-禁用@2x.png"; path = "icon/PushViewController/闪光灯-禁用@2x.png"; sourceTree = "<group>"; };
		BF53F18C1D8020E7002700AD /* 闪光灯-禁用@3x.png */ = {isa = PBXFileReference; lastKnownFileType = image.png; name = "闪光灯-禁用@3x.png"; path = "icon/PushViewController/闪光灯-禁用@3x.png"; sourceTree = "<group>"; };
		BF53F18D1D8020E7002700AD /* 闪光灯-启用@2x.png */ = {isa = PBXFileReference; lastKnownFileType = image.png; name = "闪光灯-启用@2x.png"; path = "icon/PushViewController/闪光灯-启用@2x.png"; sourceTree = "<group>"; };
		BF53F18E1D8020E7002700AD /* 闪光灯-启用@3x.png */ = {isa = PBXFileReference; lastKnownFileType = image.png; name = "闪光灯-启用@3x.png"; path = "icon/PushViewController/闪光灯-启用@3x.png"; sourceTree = "<group>"; };
		BF53F18F1D8020E7002700AD /* 数据分析-禁用@2x.png */ = {isa = PBXFileReference; lastKnownFileType = image.png; name = "数据分析-禁用@2x.png"; path = "icon/PushViewController/数据分析-禁用@2x.png"; sourceTree = "<group>"; };
		BF53F1901D8020E7002700AD /* 数据分析-禁用@3x.png */ = {isa = PBXFileReference; lastKnownFileType = image.png; name = "数据分析-禁用@3x.png"; path = "icon/PushViewController/数据分析-禁用@3x.png"; sourceTree = "<group>"; };
		BF53F1911D8020E7002700AD /* 数据分析-启用@2x.png */ = {isa = PBXFileReference; lastKnownFileType = image.png; name = "数据分析-启用@2x.png"; path = "icon/PushViewController/数据分析-启用@2x.png"; sourceTree = "<group>"; };
		BF53F1921D8020E7002700AD /* 数据分析-启用@3x.png */ = {isa = PBXFileReference; lastKnownFileType = image.png; name = "数据分析-启用@3x.png"; path = "icon/PushViewController/数据分析-启用@3x.png"; sourceTree = "<group>"; };
		BF53F1931D8020E7002700AD /* 显性@2x.png */ = {isa = PBXFileReference; lastKnownFileType = image.png; name = "显性@2x.png"; path = "icon/PushViewController/显性@2x.png"; sourceTree = "<group>"; };
		BF53F1941D8020E7002700AD /* 显性@3x.png */ = {isa = PBXFileReference; lastKnownFileType = image.png; name = "显性@3x.png"; path = "icon/PushViewController/显性@3x.png"; sourceTree = "<group>"; };
		BF53F1951D8020E7002700AD /* 形状-1@2x.png */ = {isa = PBXFileReference; lastKnownFileType = image.png; name = "形状-1@2x.png"; path = "icon/PushViewController/形状-1@2x.png"; sourceTree = "<group>"; };
		BF53F1961D8020E7002700AD /* 形状-1@3x.png */ = {isa = PBXFileReference; lastKnownFileType = image.png; name = "形状-1@3x.png"; path = "icon/PushViewController/形状-1@3x.png"; sourceTree = "<group>"; };
		BF53F1971D8020E7002700AD /* 形状-11-拷贝@2x.png */ = {isa = PBXFileReference; lastKnownFileType = image.png; name = "形状-11-拷贝@2x.png"; path = "icon/PushViewController/形状-11-拷贝@2x.png"; sourceTree = "<group>"; };
		BF53F1981D8020E7002700AD /* 形状-11-拷贝@3x.png */ = {isa = PBXFileReference; lastKnownFileType = image.png; name = "形状-11-拷贝@3x.png"; path = "icon/PushViewController/形状-11-拷贝@3x.png"; sourceTree = "<group>"; };
		BF53F1991D8020E7002700AD /* 形状-11@2x.png */ = {isa = PBXFileReference; lastKnownFileType = image.png; name = "形状-11@2x.png"; path = "icon/PushViewController/形状-11@2x.png"; sourceTree = "<group>"; };
		BF53F19A1D8020E7002700AD /* 形状-11@3x.png */ = {isa = PBXFileReference; lastKnownFileType = image.png; name = "形状-11@3x.png"; path = "icon/PushViewController/形状-11@3x.png"; sourceTree = "<group>"; };
		BF53F19B1D8020E7002700AD /* 形状-13@2x.png */ = {isa = PBXFileReference; lastKnownFileType = image.png; name = "形状-13@2x.png"; path = "icon/PushViewController/形状-13@2x.png"; sourceTree = "<group>"; };
		BF53F19C1D8020E7002700AD /* 形状-13@3x.png */ = {isa = PBXFileReference; lastKnownFileType = image.png; name = "形状-13@3x.png"; path = "icon/PushViewController/形状-13@3x.png"; sourceTree = "<group>"; };
		BF53F19D1D8020E7002700AD /* 形状-14@2x.png */ = {isa = PBXFileReference; lastKnownFileType = image.png; name = "形状-14@2x.png"; path = "icon/PushViewController/形状-14@2x.png"; sourceTree = "<group>"; };
		BF53F19E1D8020E7002700AD /* 形状-14@3x.png */ = {isa = PBXFileReference; lastKnownFileType = image.png; name = "形状-14@3x.png"; path = "icon/PushViewController/形状-14@3x.png"; sourceTree = "<group>"; };
		BF53F19F1D8020E7002700AD /* 组-8@2x.png */ = {isa = PBXFileReference; lastKnownFileType = image.png; name = "组-8@2x.png"; path = "icon/PushViewController/组-8@2x.png"; sourceTree = "<group>"; };
		BF53F1A01D8020E7002700AD /* 组-8@3x.png */ = {isa = PBXFileReference; lastKnownFileType = image.png; name = "组-8@3x.png"; path = "icon/PushViewController/组-8@3x.png"; sourceTree = "<group>"; };
		BF53F1A11D8020E7002700AD /* 组-9@2x.png */ = {isa = PBXFileReference; lastKnownFileType = image.png; name = "组-9@2x.png"; path = "icon/PushViewController/组-9@2x.png"; sourceTree = "<group>"; };
		BF53F1A21D8020E7002700AD /* 组-9@3x.png */ = {isa = PBXFileReference; lastKnownFileType = image.png; name = "组-9@3x.png"; path = "icon/PushViewController/组-9@3x.png"; sourceTree = "<group>"; };
		BF53F1A31D8020E7002700AD /* 组-10@2x.png */ = {isa = PBXFileReference; lastKnownFileType = image.png; name = "组-10@2x.png"; path = "icon/PushViewController/组-10@2x.png"; sourceTree = "<group>"; };
		BF53F1A41D8020E7002700AD /* 组-10@3x.png */ = {isa = PBXFileReference; lastKnownFileType = image.png; name = "组-10@3x.png"; path = "icon/PushViewController/组-10@3x.png"; sourceTree = "<group>"; };
		BF8AF71C1D716A72009731FB /* lsq_icon_beauty_off.png */ = {isa = PBXFileReference; lastKnownFileType = image.png; name = lsq_icon_beauty_off.png; path = "drawable-xxhdpi/lsq_icon_beauty_off.png"; sourceTree = SOURCE_ROOT; };
		BF8AF71D1D716A72009731FB /* lsq_icon_beauty_on.png */ = {isa = PBXFileReference; lastKnownFileType = image.png; name = lsq_icon_beauty_on.png; path = "drawable-xxhdpi/lsq_icon_beauty_on.png"; sourceTree = SOURCE_ROOT; };
		BF8AF71E1D716A72009731FB /* lsq_icon_camera_flip.png */ = {isa = PBXFileReference; lastKnownFileType = image.png; name = lsq_icon_camera_flip.png; path = "drawable-xxhdpi/lsq_icon_camera_flip.png"; sourceTree = SOURCE_ROOT; };
		BF8AF71F1D716A72009731FB /* lsq_icon_flash_off.png */ = {isa = PBXFileReference; lastKnownFileType = image.png; name = lsq_icon_flash_off.png; path = "drawable-xxhdpi/lsq_icon_flash_off.png"; sourceTree = SOURCE_ROOT; };
		BF8AF7201D716A72009731FB /* lsq_icon_flash_on.png */ = {isa = PBXFileReference; lastKnownFileType = image.png; name = lsq_icon_flash_on.png; path = "drawable-xxhdpi/lsq_icon_flash_on.png"; sourceTree = SOURCE_ROOT; };
		BF8AF7211D716A72009731FB /* lsq_icon_volume_off.png */ = {isa = PBXFileReference; lastKnownFileType = image.png; name = lsq_icon_volume_off.png; path = "drawable-xxhdpi/lsq_icon_volume_off.png"; sourceTree = SOURCE_ROOT; };
		BF8AF7221D716A72009731FB /* lsq_icon_volume_on.png */ = {isa = PBXFileReference; lastKnownFileType = image.png; name = lsq_icon_volume_on.png; path = "drawable-xxhdpi/lsq_icon_volume_on.png"; sourceTree = SOURCE_ROOT; };
		BF8AF72A1D716AA5009731FB /* lsq_icon_closed.png */ = {isa = PBXFileReference; lastKnownFileType = image.png; name = lsq_icon_closed.png; path = "drawable-xxhdpi/lsq_icon_closed.png"; sourceTree = SOURCE_ROOT; };
		BFF6133C1D70394C0064FB81 /* NotifyView.h */ = {isa = PBXFileReference; fileEncoding = 4; lastKnownFileType = sourcecode.c.h; path = NotifyView.h; sourceTree = "<group>"; };
		BFF6133D1D70394C0064FB81 /* NotifyView.m */ = {isa = PBXFileReference; fileEncoding = 4; lastKnownFileType = sourcecode.c.objc; path = NotifyView.m; sourceTree = "<group>"; };
		BFF80D091DA4F4EF00588F3F /* PushVCHelper.h */ = {isa = PBXFileReference; fileEncoding = 4; lastKnownFileType = sourcecode.c.h; path = PushVCHelper.h; sourceTree = "<group>"; };
		BFF80D0A1DA4F4EF00588F3F /* PushVCHelper.m */ = {isa = PBXFileReference; fileEncoding = 4; lastKnownFileType = sourcecode.c.objc; path = PushVCHelper.m; sourceTree = "<group>"; };
		BFF80D0C1DA4F6A700588F3F /* UserTips.h */ = {isa = PBXFileReference; lastKnownFileType = sourcecode.c.h; path = UserTips.h; sourceTree = "<group>"; };
		BFFADA591D912330007ADF56 /* MediaPlayerFramework.framework */ = {isa = PBXFileReference; lastKnownFileType = wrapper.framework; name = MediaPlayerFramework.framework; path = CoreLib/MediaPlayerFramework.framework; sourceTree = SOURCE_ROOT; };
		BFFADA5A1D912330007ADF56 /* MediaStreamerFramework.framework */ = {isa = PBXFileReference; lastKnownFileType = wrapper.framework; name = MediaStreamerFramework.framework; path = CoreLib/MediaStreamerFramework.framework; sourceTree = SOURCE_ROOT; };
		BFFADA5B1D912330007ADF56 /* PPYLiveKit.framework */ = {isa = PBXFileReference; lastKnownFileType = wrapper.framework; name = PPYLiveKit.framework; path = CoreLib/PPYLiveKit.framework; sourceTree = SOURCE_ROOT; };
		BFFADA621D91241F007ADF56 /* AFHTTPSessionManager.h */ = {isa = PBXFileReference; fileEncoding = 4; lastKnownFileType = sourcecode.c.h; name = AFHTTPSessionManager.h; path = OpenSource/AFNetworking/AFHTTPSessionManager.h; sourceTree = SOURCE_ROOT; };
		BFFADA631D91241F007ADF56 /* AFHTTPSessionManager.m */ = {isa = PBXFileReference; fileEncoding = 4; lastKnownFileType = sourcecode.c.objc; name = AFHTTPSessionManager.m; path = OpenSource/AFNetworking/AFHTTPSessionManager.m; sourceTree = SOURCE_ROOT; };
		BFFADA641D91241F007ADF56 /* AFNetworking.h */ = {isa = PBXFileReference; fileEncoding = 4; lastKnownFileType = sourcecode.c.h; name = AFNetworking.h; path = OpenSource/AFNetworking/AFNetworking.h; sourceTree = SOURCE_ROOT; };
		BFFADA651D91241F007ADF56 /* AFNetworkReachabilityManager.h */ = {isa = PBXFileReference; fileEncoding = 4; lastKnownFileType = sourcecode.c.h; name = AFNetworkReachabilityManager.h; path = OpenSource/AFNetworking/AFNetworkReachabilityManager.h; sourceTree = SOURCE_ROOT; };
		BFFADA661D91241F007ADF56 /* AFNetworkReachabilityManager.m */ = {isa = PBXFileReference; fileEncoding = 4; lastKnownFileType = sourcecode.c.objc; name = AFNetworkReachabilityManager.m; path = OpenSource/AFNetworking/AFNetworkReachabilityManager.m; sourceTree = SOURCE_ROOT; };
		BFFADA671D91241F007ADF56 /* AFSecurityPolicy.h */ = {isa = PBXFileReference; fileEncoding = 4; lastKnownFileType = sourcecode.c.h; name = AFSecurityPolicy.h; path = OpenSource/AFNetworking/AFSecurityPolicy.h; sourceTree = SOURCE_ROOT; };
		BFFADA681D91241F007ADF56 /* AFSecurityPolicy.m */ = {isa = PBXFileReference; fileEncoding = 4; lastKnownFileType = sourcecode.c.objc; name = AFSecurityPolicy.m; path = OpenSource/AFNetworking/AFSecurityPolicy.m; sourceTree = SOURCE_ROOT; };
		BFFADA691D91241F007ADF56 /* AFURLRequestSerialization.h */ = {isa = PBXFileReference; fileEncoding = 4; lastKnownFileType = sourcecode.c.h; name = AFURLRequestSerialization.h; path = OpenSource/AFNetworking/AFURLRequestSerialization.h; sourceTree = SOURCE_ROOT; };
		BFFADA6A1D91241F007ADF56 /* AFURLRequestSerialization.m */ = {isa = PBXFileReference; fileEncoding = 4; lastKnownFileType = sourcecode.c.objc; name = AFURLRequestSerialization.m; path = OpenSource/AFNetworking/AFURLRequestSerialization.m; sourceTree = SOURCE_ROOT; };
		BFFADA6B1D91241F007ADF56 /* AFURLResponseSerialization.h */ = {isa = PBXFileReference; fileEncoding = 4; lastKnownFileType = sourcecode.c.h; name = AFURLResponseSerialization.h; path = OpenSource/AFNetworking/AFURLResponseSerialization.h; sourceTree = SOURCE_ROOT; };
		BFFADA6C1D91241F007ADF56 /* AFURLResponseSerialization.m */ = {isa = PBXFileReference; fileEncoding = 4; lastKnownFileType = sourcecode.c.objc; name = AFURLResponseSerialization.m; path = OpenSource/AFNetworking/AFURLResponseSerialization.m; sourceTree = SOURCE_ROOT; };
		BFFADA6D1D91241F007ADF56 /* AFURLSessionManager.h */ = {isa = PBXFileReference; fileEncoding = 4; lastKnownFileType = sourcecode.c.h; name = AFURLSessionManager.h; path = OpenSource/AFNetworking/AFURLSessionManager.h; sourceTree = SOURCE_ROOT; };
		BFFADA6E1D91241F007ADF56 /* AFURLSessionManager.m */ = {isa = PBXFileReference; fileEncoding = 4; lastKnownFileType = sourcecode.c.objc; name = AFURLSessionManager.m; path = OpenSource/AFNetworking/AFURLSessionManager.m; sourceTree = SOURCE_ROOT; };
		BFFADA751D912429007ADF56 /* MBProgressHUD.h */ = {isa = PBXFileReference; fileEncoding = 4; lastKnownFileType = sourcecode.c.h; name = MBProgressHUD.h; path = OpenSource/MBProgressHUD/MBProgressHUD.h; sourceTree = SOURCE_ROOT; };
		BFFADA761D912429007ADF56 /* MBProgressHUD.m */ = {isa = PBXFileReference; fileEncoding = 4; lastKnownFileType = sourcecode.c.objc; name = MBProgressHUD.m; path = OpenSource/MBProgressHUD/MBProgressHUD.m; sourceTree = SOURCE_ROOT; };
		BFFADA861D923270007ADF56 /* p数据分析-禁用@2x.png */ = {isa = PBXFileReference; lastKnownFileType = image.png; name = "p数据分析-禁用@2x.png"; path = "icon/PullViewController/p数据分析-禁用@2x.png"; sourceTree = "<group>"; };
		BFFADA871D923270007ADF56 /* p数据分析-禁用@3x.png */ = {isa = PBXFileReference; lastKnownFileType = image.png; name = "p数据分析-禁用@3x.png"; path = "icon/PullViewController/p数据分析-禁用@3x.png"; sourceTree = "<group>"; };
		BFFADA881D923270007ADF56 /* p数据分析-启用@2x.png */ = {isa = PBXFileReference; lastKnownFileType = image.png; name = "p数据分析-启用@2x.png"; path = "icon/PullViewController/p数据分析-启用@2x.png"; sourceTree = "<group>"; };
		BFFADA891D923270007ADF56 /* p数据分析-启用@3x.png */ = {isa = PBXFileReference; lastKnownFileType = image.png; name = "p数据分析-启用@3x.png"; path = "icon/PullViewController/p数据分析-启用@3x.png"; sourceTree = "<group>"; };
		BFFADA8F1D93840E007ADF56 /* MessageManager.h */ = {isa = PBXFileReference; fileEncoding = 4; lastKnownFileType = sourcecode.c.h; path = MessageManager.h; sourceTree = "<group>"; };
		BFFADA901D93840E007ADF56 /* MessageManager.m */ = {isa = PBXFileReference; fileEncoding = 4; lastKnownFileType = sourcecode.c.objc; path = MessageManager.m; sourceTree = "<group>"; };
/* End PBXFileReference section */

/* Begin PBXFrameworksBuildPhase section */
		BF375CC21D6F12B6009C0E57 /* Frameworks */ = {
			isa = PBXFrameworksBuildPhase;
			buildActionMask = 2147483647;
			files = (
				BFFADA7A1D912E35007ADF56 /* MediaStreamerFramework.framework in Frameworks */,
				BFFADA781D912E35007ADF56 /* MediaPlayerFramework.framework in Frameworks */,
				BFFADA7C1D912E35007ADF56 /* PPYLiveKit.framework in Frameworks */,
			);
			runOnlyForDeploymentPostprocessing = 0;
		};
/* End PBXFrameworksBuildPhase section */

/* Begin PBXGroup section */
		84E1DCFA1DACE4530079D0B6 /* 播放器 */ = {
			isa = PBXGroup;
			children = (
				84E1DCF71DACD9DC0079D0B6 /* PlayerView.h */,
				84E1DCF81DACD9DC0079D0B6 /* PlayerView.m */,
			);
			name = "播放器";
			sourceTree = "<group>";
		};
		BF0E85651D728A0F00681A44 /* Icons2 */ = {
			isa = PBXGroup;
			children = (
				BF0E85661D728A2500681A44 /* beauty_off.png */,
				BF0E85671D728A2500681A44 /* beauty_on.png */,
				BF0E85681D728A2500681A44 /* close.png */,
				BF0E85691D728A2500681A44 /* focus1.png */,
				BF0E856A1D728A2500681A44 /* focus2.png */,
				BF0E856B1D728A2500681A44 /* focus3.png */,
				BF0E856C1D728A2500681A44 /* mirror.png */,
				BF0E856D1D728A2500681A44 /* mute_off.png */,
				BF0E856E1D728A2500681A44 /* mute_on.png */,
				BF0E856F1D728A2500681A44 /* startlive.png */,
				BF0E85701D728A2500681A44 /* swich_camera.png */,
				BF0E85711D728A2500681A44 /* torch_off.png */,
				BF0E85721D728A2500681A44 /* torch_on.png */,
				BF0E85801D728FE400681A44 /* more.png */,
			);
			name = Icons2;
			sourceTree = "<group>";
		};
		BF375CBC1D6F12B6009C0E57 = {
			isa = PBXGroup;
			children = (
				BFFADA5F1D9123CF007ADF56 /* OpenSource */,
				BFFADA581D91231D007ADF56 /* Core */,
				BF375CC71D6F12B7009C0E57 /* PPLiveKitDemo(WebSDK) */,
				BF375CC61D6F12B6009C0E57 /* Products */,
			);
			sourceTree = "<group>";
		};
		BF375CC61D6F12B6009C0E57 /* Products */ = {
			isa = PBXGroup;
			children = (
				BF375CC51D6F12B6009C0E57 /* PPLiveKitDemo(WebSDK).app */,
			);
			name = Products;
			sourceTree = "<group>";
		};
		BF375CC71D6F12B7009C0E57 /* PPLiveKitDemo(WebSDK) */ = {
			isa = PBXGroup;
			children = (
				BF53F15D1D8003B9002700AD /* ConfigurationViewController.h */,
				BF53F15E1D8003B9002700AD /* ConfigurationViewController.m */,
				BF53F15F1D8003B9002700AD /* ConfigurationViewController.xib */,
				BF375CCE1D6F12B7009C0E57 /* ViewController.h */,
				BF375CCF1D6F12B7009C0E57 /* ViewController.m */,
				84E1DCFA1DACE4530079D0B6 /* 播放器 */,
				BFF80D081DA4EECA00588F3F /* WebSDK */,
				BFF80D071DA4EEB500588F3F /* 拉流 */,
				BFF80D061DA4EEA500588F3F /* 推流 */,
				BFF6133C1D70394C0064FB81 /* NotifyView.h */,
				BFF6133D1D70394C0064FB81 /* NotifyView.m */,
				BFFADA8E1D925BA8007ADF56 /* MessageHandle */,
				BF375CD11D6F12B7009C0E57 /* Main.storyboard */,
				BF53F1481D7FE111002700AD /* Icons3 */,
				BF0E85651D728A0F00681A44 /* Icons2 */,
				BF8AF71B1D716A1D009731FB /* Icons */,
				BF375CC81D6F12B7009C0E57 /* Supporting Files */,
				BFF80D0C1DA4F6A700588F3F /* UserTips.h */,
			);
			path = "PPLiveKitDemo(WebSDK)";
			sourceTree = "<group>";
		};
		BF375CC81D6F12B7009C0E57 /* Supporting Files */ = {
			isa = PBXGroup;
			children = (
				BF375CD41D6F12B7009C0E57 /* Assets.xcassets */,
				BF375CD61D6F12B7009C0E57 /* LaunchScreen.storyboard */,
				BF375CD91D6F12B7009C0E57 /* Info.plist */,
				BF375CCB1D6F12B7009C0E57 /* AppDelegate.h */,
				BF375CCC1D6F12B7009C0E57 /* AppDelegate.m */,
				BF375CC91D6F12B7009C0E57 /* main.m */,
			);
			name = "Supporting Files";
			sourceTree = "<group>";
		};
		BF53F1481D7FE111002700AD /* Icons3 */ = {
			isa = PBXGroup;
			children = (
				BF53F1621D800AC5002700AD /* ConfigrationViewController */,
				BF53F14C1D7FE189002700AD /* PullViewController */,
				BF53F14B1D7FE17E002700AD /* PushViewController */,
				BF53F14A1D7FE172002700AD /* ViewController */,
			);
			name = Icons3;
			sourceTree = "<group>";
		};
		BF53F14A1D7FE172002700AD /* ViewController */ = {
			isa = PBXGroup;
			children = (
				BF53F14D1D7FE1A8002700AD /* 组-13@2x.png */,
				BF53F14E1D7FE1A8002700AD /* 组-13@3x.png */,
				BF53F14F1D7FE1A8002700AD /* 组-14@2x.png */,
				BF53F1501D7FE1A8002700AD /* 组-14@3x.png */,
				BF53F1511D7FE1A8002700AD /* 组-15@2x.png */,
				BF53F1521D7FE1A8002700AD /* 组-15@3x.png */,
				BF53F1531D7FE1A8002700AD /* bg@2x.png */,
				BF53F1541D7FE1A8002700AD /* bg@3x.png */,
			);
			name = ViewController;
			sourceTree = "<group>";
		};
		BF53F14B1D7FE17E002700AD /* PushViewController */ = {
			isa = PBXGroup;
			children = (
				BF53F17B1D8020E7002700AD /* 对焦框@2x.png */,
				BF53F17C1D8020E7002700AD /* 对焦框@3x.png */,
				BF53F17D1D8020E7002700AD /* 关闭@2x.png */,
				BF53F17E1D8020E7002700AD /* 关闭@3x.png */,
				BF53F17F1D8020E7002700AD /* 镜头翻转@2x.png */,
				BF53F1801D8020E7002700AD /* 镜头翻转@3x.png */,
				BF53F1811D8020E7002700AD /* 矩形-16@2x.png */,
				BF53F1821D8020E7002700AD /* 矩形-16@3x.png */,
				BF53F1831D8020E7002700AD /* 麦克风-禁用@2x.png */,
				BF53F1841D8020E7002700AD /* 麦克风-禁用@3x.png */,
				BF53F1851D8020E7002700AD /* 麦克风-启用@2x.png */,
				BF53F1861D8020E7002700AD /* 麦克风-启用@3x.png */,
				BF53F1871D8020E7002700AD /* 美颜-禁用@2x.png */,
				BF53F1881D8020E7002700AD /* 美颜-禁用@3x.png */,
				BF53F1891D8020E7002700AD /* 美颜-启用@2x.png */,
				BF53F18A1D8020E7002700AD /* 美颜-启用@3x.png */,
				BF53F18B1D8020E7002700AD /* 闪光灯-禁用@2x.png */,
				BF53F18C1D8020E7002700AD /* 闪光灯-禁用@3x.png */,
				BF53F18D1D8020E7002700AD /* 闪光灯-启用@2x.png */,
				BF53F18E1D8020E7002700AD /* 闪光灯-启用@3x.png */,
				BF53F18F1D8020E7002700AD /* 数据分析-禁用@2x.png */,
				BF53F1901D8020E7002700AD /* 数据分析-禁用@3x.png */,
				BF53F1911D8020E7002700AD /* 数据分析-启用@2x.png */,
				BF53F1921D8020E7002700AD /* 数据分析-启用@3x.png */,
				BF53F1931D8020E7002700AD /* 显性@2x.png */,
				BF53F1941D8020E7002700AD /* 显性@3x.png */,
				BF53F1951D8020E7002700AD /* 形状-1@2x.png */,
				BF53F1961D8020E7002700AD /* 形状-1@3x.png */,
				BF53F1971D8020E7002700AD /* 形状-11-拷贝@2x.png */,
				BF53F1981D8020E7002700AD /* 形状-11-拷贝@3x.png */,
				BF53F1991D8020E7002700AD /* 形状-11@2x.png */,
				BF53F19A1D8020E7002700AD /* 形状-11@3x.png */,
				BF53F19B1D8020E7002700AD /* 形状-13@2x.png */,
				BF53F19C1D8020E7002700AD /* 形状-13@3x.png */,
				BF53F19D1D8020E7002700AD /* 形状-14@2x.png */,
				BF53F19E1D8020E7002700AD /* 形状-14@3x.png */,
				BF53F19F1D8020E7002700AD /* 组-8@2x.png */,
				BF53F1A01D8020E7002700AD /* 组-8@3x.png */,
				BF53F1A11D8020E7002700AD /* 组-9@2x.png */,
				BF53F1A21D8020E7002700AD /* 组-9@3x.png */,
				BF53F1A31D8020E7002700AD /* 组-10@2x.png */,
				BF53F1A41D8020E7002700AD /* 组-10@3x.png */,
			);
			name = PushViewController;
			sourceTree = "<group>";
		};
		BF53F14C1D7FE189002700AD /* PullViewController */ = {
			isa = PBXGroup;
			children = (
				BFFADA861D923270007ADF56 /* p数据分析-禁用@2x.png */,
				BFFADA871D923270007ADF56 /* p数据分析-禁用@3x.png */,
				BFFADA881D923270007ADF56 /* p数据分析-启用@2x.png */,
				BFFADA891D923270007ADF56 /* p数据分析-启用@3x.png */,
			);
			name = PullViewController;
			sourceTree = "<group>";
		};
		BF53F1621D800AC5002700AD /* ConfigrationViewController */ = {
			isa = PBXGroup;
			children = (
				BF53F1631D800ADC002700AD /* 标清-暗@2x.png */,
				BF53F1641D800ADC002700AD /* 标清-暗@3x.png */,
				BF53F1651D800ADC002700AD /* 标清-亮@2x.png */,
				BF53F1661D800ADC002700AD /* 标清-亮@3x.png */,
				BF53F1671D800ADC002700AD /* 高清-暗@2x.png */,
				BF53F1681D800ADC002700AD /* 高清-暗@3x.png */,
				BF53F1691D800ADC002700AD /* 高清-亮@2x.png */,
				BF53F16A1D800ADC002700AD /* 高清-亮@3x.png */,
				BF53F16B1D800ADC002700AD /* 流畅-暗@2x.png */,
				BF53F16C1D800ADC002700AD /* 流畅-暗@3x.png */,
				BF53F16D1D800ADC002700AD /* 流畅-亮@2x.png */,
				BF53F16E1D800ADC002700AD /* 流畅-亮@3x.png */,
			);
			name = ConfigrationViewController;
			sourceTree = "<group>";
		};
		BF8AF71B1D716A1D009731FB /* Icons */ = {
			isa = PBXGroup;
			children = (
				BF8AF71C1D716A72009731FB /* lsq_icon_beauty_off.png */,
				BF8AF72A1D716AA5009731FB /* lsq_icon_closed.png */,
				BF8AF71D1D716A72009731FB /* lsq_icon_beauty_on.png */,
				BF8AF71E1D716A72009731FB /* lsq_icon_camera_flip.png */,
				BF8AF71F1D716A72009731FB /* lsq_icon_flash_off.png */,
				BF8AF7201D716A72009731FB /* lsq_icon_flash_on.png */,
				BF8AF7211D716A72009731FB /* lsq_icon_volume_off.png */,
				BF8AF7221D716A72009731FB /* lsq_icon_volume_on.png */,
			);
			name = Icons;
			sourceTree = "<group>";
		};
		BFF80D061DA4EEA500588F3F /* 推流 */ = {
			isa = PBXGroup;
			children = (
				BF375CE71D6F183C009C0E57 /* PushViewController.h */,
				BF375CE81D6F183C009C0E57 /* PushViewController.m */,
				BF375CE91D6F183C009C0E57 /* PushViewController.xib */,
				BFF80D091DA4F4EF00588F3F /* PushVCHelper.h */,
				BFF80D0A1DA4F4EF00588F3F /* PushVCHelper.m */,
			);
			name = "推流";
			sourceTree = "<group>";
		};
		BFF80D071DA4EEB500588F3F /* 拉流 */ = {
			isa = PBXGroup;
			children = (
				BF375CEF1D6F185E009C0E57 /* PullViewController.h */,
				BF375CF01D6F185E009C0E57 /* PullViewController.m */,
				BF375CF11D6F185E009C0E57 /* PullViewController.xib */,
			);
			name = "拉流";
			sourceTree = "<group>";
		};
		BFF80D081DA4EECA00588F3F /* WebSDK */ = {
			isa = PBXGroup;
			children = (
				BF375D001D6FDA03009C0E57 /* HTTPManager.h */,
				BF375D011D6FDA03009C0E57 /* HTTPManager.m */,
			);
			name = WebSDK;
			sourceTree = "<group>";
		};
		BFFADA581D91231D007ADF56 /* Core */ = {
			isa = PBXGroup;
			children = (
				BFFADA591D912330007ADF56 /* MediaPlayerFramework.framework */,
				BFFADA5A1D912330007ADF56 /* MediaStreamerFramework.framework */,
				BFFADA5B1D912330007ADF56 /* PPYLiveKit.framework */,
			);
			name = Core;
			path = "PPLiveKitDemo(WebSDK)";
			sourceTree = "<group>";
		};
		BFFADA5F1D9123CF007ADF56 /* OpenSource */ = {
			isa = PBXGroup;
			children = (
				BFFADA611D912410007ADF56 /* AFNetworking */,
				BFFADA601D9123E7007ADF56 /* MBProgressHUD */,
			);
			name = OpenSource;
			path = "PPLiveKitDemo(WebSDK)";
			sourceTree = "<group>";
		};
		BFFADA601D9123E7007ADF56 /* MBProgressHUD */ = {
			isa = PBXGroup;
			children = (
				BFFADA751D912429007ADF56 /* MBProgressHUD.h */,
				BFFADA761D912429007ADF56 /* MBProgressHUD.m */,
			);
			name = MBProgressHUD;
			sourceTree = "<group>";
		};
		BFFADA611D912410007ADF56 /* AFNetworking */ = {
			isa = PBXGroup;
			children = (
				BFFADA621D91241F007ADF56 /* AFHTTPSessionManager.h */,
				BFFADA631D91241F007ADF56 /* AFHTTPSessionManager.m */,
				BFFADA641D91241F007ADF56 /* AFNetworking.h */,
				BFFADA651D91241F007ADF56 /* AFNetworkReachabilityManager.h */,
				BFFADA661D91241F007ADF56 /* AFNetworkReachabilityManager.m */,
				BFFADA671D91241F007ADF56 /* AFSecurityPolicy.h */,
				BFFADA681D91241F007ADF56 /* AFSecurityPolicy.m */,
				BFFADA691D91241F007ADF56 /* AFURLRequestSerialization.h */,
				BFFADA6A1D91241F007ADF56 /* AFURLRequestSerialization.m */,
				BFFADA6B1D91241F007ADF56 /* AFURLResponseSerialization.h */,
				BFFADA6C1D91241F007ADF56 /* AFURLResponseSerialization.m */,
				BFFADA6D1D91241F007ADF56 /* AFURLSessionManager.h */,
				BFFADA6E1D91241F007ADF56 /* AFURLSessionManager.m */,
			);
			name = AFNetworking;
			sourceTree = "<group>";
		};
		BFFADA8E1D925BA8007ADF56 /* MessageHandle */ = {
			isa = PBXGroup;
			children = (
				BFFADA8F1D93840E007ADF56 /* MessageManager.h */,
				BFFADA901D93840E007ADF56 /* MessageManager.m */,
			);
			name = MessageHandle;
			sourceTree = "<group>";
		};
/* End PBXGroup section */

/* Begin PBXNativeTarget section */
		BF375CC41D6F12B6009C0E57 /* PPLiveKitDemo(WebSDK) */ = {
			isa = PBXNativeTarget;
			buildConfigurationList = BF375CDC1D6F12B7009C0E57 /* Build configuration list for PBXNativeTarget "PPLiveKitDemo(WebSDK)" */;
			buildPhases = (
				BF375CC11D6F12B6009C0E57 /* Sources */,
				BF375CC21D6F12B6009C0E57 /* Frameworks */,
				BF375CC31D6F12B6009C0E57 /* Resources */,
				BF375CFB1D6F1CE0009C0E57 /* Embed Frameworks */,
			);
			buildRules = (
			);
			dependencies = (
			);
			name = "PPLiveKitDemo(WebSDK)";
			productName = "PPLiveKitDemo(WebSDK)";
			productReference = BF375CC51D6F12B6009C0E57 /* PPLiveKitDemo(WebSDK).app */;
			productType = "com.apple.product-type.application";
		};
/* End PBXNativeTarget section */

/* Begin PBXProject section */
		BF375CBD1D6F12B6009C0E57 /* Project object */ = {
			isa = PBXProject;
			attributes = {
				LastUpgradeCheck = 0730;
				ORGANIZATIONNAME = "高国栋";
				TargetAttributes = {
					BF375CC41D6F12B6009C0E57 = {
						CreatedOnToolsVersion = 7.3.1;
						DevelopmentTeam = 3BLAQEXJ3N;
					};
				};
			};
			buildConfigurationList = BF375CC01D6F12B6009C0E57 /* Build configuration list for PBXProject "PPLiveKitDemo(WebSDK)" */;
			compatibilityVersion = "Xcode 3.2";
			developmentRegion = English;
			hasScannedForEncodings = 0;
			knownRegions = (
				en,
				Base,
			);
			mainGroup = BF375CBC1D6F12B6009C0E57;
			productRefGroup = BF375CC61D6F12B6009C0E57 /* Products */;
			projectDirPath = "";
			projectRoot = "";
			targets = (
				BF375CC41D6F12B6009C0E57 /* PPLiveKitDemo(WebSDK) */,
			);
		};
/* End PBXProject section */

/* Begin PBXResourcesBuildPhase section */
		BF375CC31D6F12B6009C0E57 /* Resources */ = {
			isa = PBXResourcesBuildPhase;
			buildActionMask = 2147483647;
			files = (
				BF53F1721D800ADC002700AD /* 标清-亮@3x.png in Resources */,
				BF0E85791D728A2500681A44 /* mirror.png in Resources */,
				BF53F15B1D7FE1A8002700AD /* bg@2x.png in Resources */,
				BF8AF7291D716A72009731FB /* lsq_icon_volume_on.png in Resources */,
				BF53F1BC1D8020E7002700AD /* 数据分析-启用@3x.png in Resources */,
				BF53F1CA1D8020E7002700AD /* 组-8@3x.png in Resources */,
				BF53F1C91D8020E7002700AD /* 组-8@2x.png in Resources */,
				BF53F1AA1D8020E7002700AD /* 镜头翻转@3x.png in Resources */,
				BF53F1AD1D8020E7002700AD /* 麦克风-禁用@2x.png in Resources */,
				BF53F1AF1D8020E7002700AD /* 麦克风-启用@2x.png in Resources */,
				BF53F1A71D8020E7002700AD /* 关闭@2x.png in Resources */,
				BFFADA8A1D923270007ADF56 /* p数据分析-禁用@2x.png in Resources */,
				BF0E85811D728FE400681A44 /* more.png in Resources */,
				BF53F1711D800ADC002700AD /* 标清-亮@2x.png in Resources */,
				BF53F15C1D7FE1A8002700AD /* bg@3x.png in Resources */,
				BF8AF7281D716A72009731FB /* lsq_icon_volume_off.png in Resources */,
				BF53F1CE1D8020E7002700AD /* 组-10@3x.png in Resources */,
				BF0E85751D728A2500681A44 /* close.png in Resources */,
				BF53F1BB1D8020E7002700AD /* 数据分析-启用@2x.png in Resources */,
				BF53F1C01D8020E7002700AD /* 形状-1@3x.png in Resources */,
				BF53F1CC1D8020E7002700AD /* 组-9@3x.png in Resources */,
				BFFADA8D1D923270007ADF56 /* p数据分析-启用@3x.png in Resources */,
				BF53F1A61D8020E7002700AD /* 对焦框@3x.png in Resources */,
				BF53F1C21D8020E7002700AD /* 形状-11-拷贝@3x.png in Resources */,
				BF53F1B21D8020E7002700AD /* 美颜-禁用@3x.png in Resources */,
				BF53F1A81D8020E7002700AD /* 关闭@3x.png in Resources */,
				BF53F1551D7FE1A8002700AD /* 组-13@2x.png in Resources */,
				BF53F17A1D800ADC002700AD /* 流畅-亮@3x.png in Resources */,
				BF53F1C11D8020E7002700AD /* 形状-11-拷贝@2x.png in Resources */,
				BF53F1B71D8020E7002700AD /* 闪光灯-启用@2x.png in Resources */,
				BF53F1B11D8020E7002700AD /* 美颜-禁用@2x.png in Resources */,
				BF0E85761D728A2500681A44 /* focus1.png in Resources */,
				BF375CD81D6F12B7009C0E57 /* LaunchScreen.storyboard in Resources */,
				BF53F1AC1D8020E7002700AD /* 矩形-16@3x.png in Resources */,
				BF0E85771D728A2500681A44 /* focus2.png in Resources */,
				BF53F1781D800ADC002700AD /* 流畅-暗@3x.png in Resources */,
				BF53F1B81D8020E7002700AD /* 闪光灯-启用@3x.png in Resources */,
				BF53F1B41D8020E7002700AD /* 美颜-启用@3x.png in Resources */,
				BF53F1761D800ADC002700AD /* 高清-亮@3x.png in Resources */,
				BF53F1771D800ADC002700AD /* 流畅-暗@2x.png in Resources */,
				BF0E85781D728A2500681A44 /* focus3.png in Resources */,
				BF375CD51D6F12B7009C0E57 /* Assets.xcassets in Resources */,
				BF53F1701D800ADC002700AD /* 标清-暗@3x.png in Resources */,
				BF0E857F1D728A2500681A44 /* torch_on.png in Resources */,
				BF8AF72B1D716AA5009731FB /* lsq_icon_closed.png in Resources */,
				BF53F1751D800ADC002700AD /* 高清-亮@2x.png in Resources */,
				BF53F1B61D8020E7002700AD /* 闪光灯-禁用@3x.png in Resources */,
				BF53F1CB1D8020E7002700AD /* 组-9@2x.png in Resources */,
				BF0E857A1D728A2500681A44 /* mute_off.png in Resources */,
				BF375CEB1D6F183C009C0E57 /* PushViewController.xib in Resources */,
				BF53F1BF1D8020E7002700AD /* 形状-1@2x.png in Resources */,
				BF8AF7241D716A72009731FB /* lsq_icon_beauty_on.png in Resources */,
				BF8AF7231D716A72009731FB /* lsq_icon_beauty_off.png in Resources */,
				BF53F1BD1D8020E7002700AD /* 显性@2x.png in Resources */,
				BF53F1B31D8020E7002700AD /* 美颜-启用@2x.png in Resources */,
				BF53F15A1D7FE1A8002700AD /* 组-15@3x.png in Resources */,
				BF53F1B51D8020E7002700AD /* 闪光灯-禁用@2x.png in Resources */,
				BF8AF7251D716A72009731FB /* lsq_icon_camera_flip.png in Resources */,
				BF0E857C1D728A2500681A44 /* startlive.png in Resources */,
				BF53F1C71D8020E7002700AD /* 形状-14@2x.png in Resources */,
				BF53F1561D7FE1A8002700AD /* 组-13@3x.png in Resources */,
				BF375CD31D6F12B7009C0E57 /* Main.storyboard in Resources */,
				BF0E857D1D728A2500681A44 /* swich_camera.png in Resources */,
				BF53F1A51D8020E7002700AD /* 对焦框@2x.png in Resources */,
				BF53F1741D800ADC002700AD /* 高清-暗@3x.png in Resources */,
				BF53F1731D800ADC002700AD /* 高清-暗@2x.png in Resources */,
				BF375CF31D6F185E009C0E57 /* PullViewController.xib in Resources */,
				BF0E85741D728A2500681A44 /* beauty_on.png in Resources */,
				BF0E857E1D728A2500681A44 /* torch_off.png in Resources */,
				BF53F1C31D8020E7002700AD /* 形状-11@2x.png in Resources */,
				BF53F1581D7FE1A8002700AD /* 组-14@3x.png in Resources */,
				BF53F1BE1D8020E7002700AD /* 显性@3x.png in Resources */,
				BF8AF7261D716A72009731FB /* lsq_icon_flash_off.png in Resources */,
				BF53F1C41D8020E7002700AD /* 形状-11@3x.png in Resources */,
				BF53F1571D7FE1A8002700AD /* 组-14@2x.png in Resources */,
				BFFADA8C1D923270007ADF56 /* p数据分析-启用@2x.png in Resources */,
				BF53F1C61D8020E7002700AD /* 形状-13@3x.png in Resources */,
				BF53F1611D8003B9002700AD /* ConfigurationViewController.xib in Resources */,
				BF53F1B91D8020E7002700AD /* 数据分析-禁用@2x.png in Resources */,
				BF53F1A91D8020E7002700AD /* 镜头翻转@2x.png in Resources */,
				BF53F1CD1D8020E7002700AD /* 组-10@2x.png in Resources */,
				BFFADA8B1D923270007ADF56 /* p数据分析-禁用@3x.png in Resources */,
				BF53F1791D800ADC002700AD /* 流畅-亮@2x.png in Resources */,
				BF53F1AB1D8020E7002700AD /* 矩形-16@2x.png in Resources */,
				BF8AF7271D716A72009731FB /* lsq_icon_flash_on.png in Resources */,
				BF0E85731D728A2500681A44 /* beauty_off.png in Resources */,
				BF53F1BA1D8020E7002700AD /* 数据分析-禁用@3x.png in Resources */,
				BF53F16F1D800ADC002700AD /* 标清-暗@2x.png in Resources */,
				BF0E857B1D728A2500681A44 /* mute_on.png in Resources */,
				BF53F1AE1D8020E7002700AD /* 麦克风-禁用@3x.png in Resources */,
				BF53F1C81D8020E7002700AD /* 形状-14@3x.png in Resources */,
				BF53F1B01D8020E7002700AD /* 麦克风-启用@3x.png in Resources */,
				BF53F1591D7FE1A8002700AD /* 组-15@2x.png in Resources */,
				BF53F1C51D8020E7002700AD /* 形状-13@2x.png in Resources */,
			);
			runOnlyForDeploymentPostprocessing = 0;
		};
/* End PBXResourcesBuildPhase section */

/* Begin PBXSourcesBuildPhase section */
		BF375CC11D6F12B6009C0E57 /* Sources */ = {
			isa = PBXSourcesBuildPhase;
			buildActionMask = 2147483647;
			files = (
				BF375CD01D6F12B7009C0E57 /* ViewController.m in Sources */,
				BF375CCD1D6F12B7009C0E57 /* AppDelegate.m in Sources */,
				BFFADA701D91241F007ADF56 /* AFNetworkReachabilityManager.m in Sources */,
				BFFADA741D91241F007ADF56 /* AFURLSessionManager.m in Sources */,
				BFFADA721D91241F007ADF56 /* AFURLRequestSerialization.m in Sources */,
				BF53F1601D8003B9002700AD /* ConfigurationViewController.m in Sources */,
				BFFADA731D91241F007ADF56 /* AFURLResponseSerialization.m in Sources */,
				84E1DCF91DACD9DC0079D0B6 /* PlayerView.m in Sources */,
				BFFADA771D912429007ADF56 /* MBProgressHUD.m in Sources */,
				BFFADA6F1D91241F007ADF56 /* AFHTTPSessionManager.m in Sources */,
				BF375CEA1D6F183C009C0E57 /* PushViewController.m in Sources */,
				BF375D021D6FDA03009C0E57 /* HTTPManager.m in Sources */,
				BFF80D0B1DA4F4EF00588F3F /* PushVCHelper.m in Sources */,
				BFFADA911D93840E007ADF56 /* MessageManager.m in Sources */,
				BFF6133E1D70394C0064FB81 /* NotifyView.m in Sources */,
				BF375CCA1D6F12B7009C0E57 /* main.m in Sources */,
				BFFADA711D91241F007ADF56 /* AFSecurityPolicy.m in Sources */,
				BF375CF21D6F185E009C0E57 /* PullViewController.m in Sources */,
			);
			runOnlyForDeploymentPostprocessing = 0;
		};
/* End PBXSourcesBuildPhase section */

/* Begin PBXVariantGroup section */
		BF375CD11D6F12B7009C0E57 /* Main.storyboard */ = {
			isa = PBXVariantGroup;
			children = (
				BF375CD21D6F12B7009C0E57 /* Base */,
			);
			name = Main.storyboard;
			sourceTree = "<group>";
		};
		BF375CD61D6F12B7009C0E57 /* LaunchScreen.storyboard */ = {
			isa = PBXVariantGroup;
			children = (
				BF375CD71D6F12B7009C0E57 /* Base */,
			);
			name = LaunchScreen.storyboard;
			sourceTree = "<group>";
		};
/* End PBXVariantGroup section */

/* Begin XCBuildConfiguration section */
		BF375CDA1D6F12B7009C0E57 /* Debug */ = {
			isa = XCBuildConfiguration;
			buildSettings = {
				ALWAYS_SEARCH_USER_PATHS = NO;
				CLANG_ANALYZER_NONNULL = YES;
				CLANG_CXX_LANGUAGE_STANDARD = "gnu++0x";
				CLANG_CXX_LIBRARY = "libc++";
				CLANG_ENABLE_MODULES = YES;
				CLANG_ENABLE_OBJC_ARC = YES;
				CLANG_WARN_BOOL_CONVERSION = YES;
				CLANG_WARN_CONSTANT_CONVERSION = YES;
				CLANG_WARN_DIRECT_OBJC_ISA_USAGE = YES_ERROR;
				CLANG_WARN_EMPTY_BODY = YES;
				CLANG_WARN_ENUM_CONVERSION = YES;
				CLANG_WARN_INT_CONVERSION = YES;
				CLANG_WARN_OBJC_ROOT_CLASS = YES_ERROR;
				CLANG_WARN_UNREACHABLE_CODE = YES;
				CLANG_WARN__DUPLICATE_METHOD_MATCH = YES;
				"CODE_SIGN_IDENTITY[sdk=iphoneos*]" = "iPhone Developer";
				COPY_PHASE_STRIP = NO;
				DEBUG_INFORMATION_FORMAT = dwarf;
				ENABLE_STRICT_OBJC_MSGSEND = YES;
				ENABLE_TESTABILITY = YES;
				GCC_C_LANGUAGE_STANDARD = gnu99;
				GCC_DYNAMIC_NO_PIC = NO;
				GCC_NO_COMMON_BLOCKS = YES;
				GCC_OPTIMIZATION_LEVEL = 0;
				GCC_PREPROCESSOR_DEFINITIONS = (
					"DEBUG=1",
					"$(inherited)",
				);
				GCC_WARN_64_TO_32_BIT_CONVERSION = YES;
				GCC_WARN_ABOUT_RETURN_TYPE = YES_ERROR;
				GCC_WARN_UNDECLARED_SELECTOR = YES;
				GCC_WARN_UNINITIALIZED_AUTOS = YES_AGGRESSIVE;
				GCC_WARN_UNUSED_FUNCTION = YES;
				GCC_WARN_UNUSED_VARIABLE = YES;
				IPHONEOS_DEPLOYMENT_TARGET = 9.3;
				MTL_ENABLE_DEBUG_INFO = YES;
				ONLY_ACTIVE_ARCH = YES;
				SDKROOT = iphoneos;
			};
			name = Debug;
		};
		BF375CDB1D6F12B7009C0E57 /* Release */ = {
			isa = XCBuildConfiguration;
			buildSettings = {
				ALWAYS_SEARCH_USER_PATHS = NO;
				CLANG_ANALYZER_NONNULL = YES;
				CLANG_CXX_LANGUAGE_STANDARD = "gnu++0x";
				CLANG_CXX_LIBRARY = "libc++";
				CLANG_ENABLE_MODULES = YES;
				CLANG_ENABLE_OBJC_ARC = YES;
				CLANG_WARN_BOOL_CONVERSION = YES;
				CLANG_WARN_CONSTANT_CONVERSION = YES;
				CLANG_WARN_DIRECT_OBJC_ISA_USAGE = YES_ERROR;
				CLANG_WARN_EMPTY_BODY = YES;
				CLANG_WARN_ENUM_CONVERSION = YES;
				CLANG_WARN_INT_CONVERSION = YES;
				CLANG_WARN_OBJC_ROOT_CLASS = YES_ERROR;
				CLANG_WARN_UNREACHABLE_CODE = YES;
				CLANG_WARN__DUPLICATE_METHOD_MATCH = YES;
				"CODE_SIGN_IDENTITY[sdk=iphoneos*]" = "iPhone Developer";
				COPY_PHASE_STRIP = NO;
				DEBUG_INFORMATION_FORMAT = "dwarf-with-dsym";
				ENABLE_NS_ASSERTIONS = NO;
				ENABLE_STRICT_OBJC_MSGSEND = YES;
				GCC_C_LANGUAGE_STANDARD = gnu99;
				GCC_NO_COMMON_BLOCKS = YES;
				GCC_WARN_64_TO_32_BIT_CONVERSION = YES;
				GCC_WARN_ABOUT_RETURN_TYPE = YES_ERROR;
				GCC_WARN_UNDECLARED_SELECTOR = YES;
				GCC_WARN_UNINITIALIZED_AUTOS = YES_AGGRESSIVE;
				GCC_WARN_UNUSED_FUNCTION = YES;
				GCC_WARN_UNUSED_VARIABLE = YES;
				IPHONEOS_DEPLOYMENT_TARGET = 9.3;
				MTL_ENABLE_DEBUG_INFO = NO;
				SDKROOT = iphoneos;
				VALIDATE_PRODUCT = YES;
			};
			name = Release;
		};
		BF375CDD1D6F12B7009C0E57 /* Debug */ = {
			isa = XCBuildConfiguration;
			buildSettings = {
				ASSETCATALOG_COMPILER_APPICON_NAME = AppIcon;
				CODE_SIGN_IDENTITY = "iPhone Developer";
				"CODE_SIGN_IDENTITY[sdk=iphoneos*]" = "iPhone Developer";
				FRAMEWORK_SEARCH_PATHS = (
					"$(inherited)",
					"$(PROJECT_DIR)",
					"$(PROJECT_DIR)/CoreLib",
				);
				INFOPLIST_FILE = "PPLiveKitDemo(WebSDK)/Info.plist";
				IPHONEOS_DEPLOYMENT_TARGET = 8.0;
				LD_RUNPATH_SEARCH_PATHS = "$(inherited) @executable_path/Frameworks";
				PRODUCT_BUNDLE_IDENTIFIER = com.plive.livekitDemo;
				PRODUCT_NAME = "$(TARGET_NAME)";
				PROVISIONING_PROFILE = "88cd9104-e500-4253-8f79-035a25fe90ea";
			};
			name = Debug;
		};
		BF375CDE1D6F12B7009C0E57 /* Release */ = {
			isa = XCBuildConfiguration;
			buildSettings = {
				ASSETCATALOG_COMPILER_APPICON_NAME = AppIcon;
				CODE_SIGN_IDENTITY = "iPhone Developer";
				"CODE_SIGN_IDENTITY[sdk=iphoneos*]" = "iPhone Developer";
				FRAMEWORK_SEARCH_PATHS = (
					"$(inherited)",
					"$(PROJECT_DIR)",
					"$(PROJECT_DIR)/CoreLib",
				);
				INFOPLIST_FILE = "PPLiveKitDemo(WebSDK)/Info.plist";
				IPHONEOS_DEPLOYMENT_TARGET = 8.0;
				LD_RUNPATH_SEARCH_PATHS = "$(inherited) @executable_path/Frameworks";
				PRODUCT_BUNDLE_IDENTIFIER = com.plive.livekitDemo;
				PRODUCT_NAME = "$(TARGET_NAME)";
				PROVISIONING_PROFILE = "88cd9104-e500-4253-8f79-035a25fe90ea";
			};
			name = Release;
		};
/* End XCBuildConfiguration section */

/* Begin XCConfigurationList section */
		BF375CC01D6F12B6009C0E57 /* Build configuration list for PBXProject "PPLiveKitDemo(WebSDK)" */ = {
			isa = XCConfigurationList;
			buildConfigurations = (
				BF375CDA1D6F12B7009C0E57 /* Debug */,
				BF375CDB1D6F12B7009C0E57 /* Release */,
			);
			defaultConfigurationIsVisible = 0;
			defaultConfigurationName = Release;
		};
		BF375CDC1D6F12B7009C0E57 /* Build configuration list for PBXNativeTarget "PPLiveKitDemo(WebSDK)" */ = {
			isa = XCConfigurationList;
			buildConfigurations = (
				BF375CDD1D6F12B7009C0E57 /* Debug */,
				BF375CDE1D6F12B7009C0E57 /* Release */,
			);
			defaultConfigurationIsVisible = 0;
			defaultConfigurationName = Release;
		};
/* End XCConfigurationList section */
	};
	rootObject = BF375CBD1D6F12B6009C0E57 /* Project object */;
}
